
Microsoft Visual Studio Solution File, Format Version 12.00
# Visual Studio 14
VisualStudioVersion = 14.0.24720.0
MinimumVisualStudioVersion = 10.0.40219.1
Project("{FAE04EC0-301F-11D3-BF4B-00C04F79EFBC}") = "OfferPriceEvaluator", "OfferPriceEvaluator\OfferPriceEvaluator.csproj", "{004DC0CE-1CC1-4B98-84B6-902AE6C33518}"
EndProject
Project("{FAE04EC0-301F-11D3-BF4B-00C04F79EFBC}") = "OfferPriceEvaluator.Domain", "OfferPriceEvaluator.Domain\OfferPriceEvaluator.Domain.csproj", "{7B9A93D4-AC40-4F0F-8559-13A320ABDD20}"
EndProject
Project("{FAE04EC0-301F-11D3-BF4B-00C04F79EFBC}") = "OfferPriceEvaluator.Specs", "OfferPriceEvaluator.Specs\OfferPriceEvaluator.Specs.csproj", "{7D75F185-A8FC-45D2-9387-5CDDDC75C44B}"
EndProject
Global
	GlobalSection(SolutionConfigurationPlatforms) = preSolution
		Debug|Any CPU = Debug|Any CPU
		Release|Any CPU = Release|Any CPU
	EndGlobalSection
	GlobalSection(ProjectConfigurationPlatforms) = postSolution
		{004DC0CE-1CC1-4B98-84B6-902AE6C33518}.Debug|Any CPU.ActiveCfg = Debug|Any CPU
		{004DC0CE-1CC1-4B98-84B6-902AE6C33518}.Debug|Any CPU.Build.0 = Debug|Any CPU
		{004DC0CE-1CC1-4B98-84B6-902AE6C33518}.Release|Any CPU.ActiveCfg = Release|Any CPU
		{004DC0CE-1CC1-4B98-84B6-902AE6C33518}.Release|Any CPU.Build.0 = Release|Any CPU
		{7B9A93D4-AC40-4F0F-8559-13A320ABDD20}.Debug|Any CPU.ActiveCfg = Debug|Any CPU
		{7B9A93D4-AC40-4F0F-8559-13A320ABDD20}.Debug|Any CPU.Build.0 = Debug|Any CPU
		{7B9A93D4-AC40-4F0F-8559-13A320ABDD20}.Release|Any CPU.ActiveCfg = Release|Any CPU
		{7B9A93D4-AC40-4F0F-8559-13A320ABDD20}.Release|Any CPU.Build.0 = Release|Any CPU
		{7D75F185-A8FC-45D2-9387-5CDDDC75C44B}.Debug|Any CPU.ActiveCfg = Debug|Any CPU
		{7D75F185-A8FC-45D2-9387-5CDDDC75C44B}.Debug|Any CPU.Build.0 = Debug|Any CPU
		{7D75F185-A8FC-45D2-9387-5CDDDC75C44B}.Release|Any CPU.ActiveCfg = Release|Any CPU
		{7D75F185-A8FC-45D2-9387-5CDDDC75C44B}.Release|Any CPU.Build.0 = Release|Any CPU
	EndGlobalSection
	GlobalSection(SolutionProperties) = preSolution
		HideSolutionNode = FALSE
	EndGlobalSection
EndGlobal
